{
  "name": "designing-with-search-data",
  "version": "0.0.4",
  "lockfileVersion": 1,
  "requires": true,
  "dependencies": {
    "abstract-leveldown": {
      "version": "6.2.3",
      "resolved": "https://registry.npmjs.org/abstract-leveldown/-/abstract-leveldown-6.2.3.tgz",
      "integrity": "sha512-BsLm5vFMRUrrLeCcRc+G0t2qOaTzpoJQLOubq2XM72eNpjF5UdU5o/5NvlNhx95XHcAvcl8OMXr4mlg/fRgUXQ==",
      "requires": {
        "buffer": "^5.5.0",
        "immediate": "^3.2.3",
        "level-concat-iterator": "~2.0.0",
        "level-supports": "~1.0.0",
        "xtend": "~4.0.0"
      },
      "dependencies": {
        "buffer": {
          "version": "5.6.0",
          "resolved": "https://registry.npmjs.org/buffer/-/buffer-5.6.0.tgz",
          "integrity": "sha512-/gDYp/UtU0eA1ys8bOs9J6a+E/KWIY+DZ+Q2WESNUA0jFRsJOc0SNUO6xJ5SGA1xueg3NL65W6s+NY5l9cunuw==",
          "requires": {
            "base64-js": "^1.0.2",
            "ieee754": "^1.1.4"
          }
        }
      }
    },
    "base64-js": {
      "version": "1.3.1",
      "resolved": "https://registry.npmjs.org/base64-js/-/base64-js-1.3.1.tgz",
      "integrity": "sha512-mLQ4i2QO1ytvGWFWmcngKO//JXAQueZvwEKtjgQFM4jIK0kU+ytMfplL8j+n5mspOfjHwoAg+9yhb7BwAHm36g=="
    },
    "buffer": {
      "version": "6.0.3",
      "resolved": "https://registry.npmjs.org/buffer/-/buffer-6.0.3.tgz",
      "integrity": "sha512-FTiCpNxtwiZZHEZbcbTIcZjERVICn9yq/pDFkTl95/AxzD1naBctN7YO68riM/gLSDY7sdrMby8hofADYuuqOA==",
      "requires": {
        "base64-js": "^1.3.1",
        "ieee754": "^1.2.1"
      },
      "dependencies": {
        "ieee754": {
          "version": "1.2.1",
          "resolved": "https://registry.npmjs.org/ieee754/-/ieee754-1.2.1.tgz",
          "integrity": "sha512-dcyqhDvX1C46lXZcVqCpK+FtMRQVdIMN6/Df5js2zouUsqG7I6sFxitIC+7KYK29KdXOLHdu9zL4sFnoVQnqaA=="
        }
      }
    },
    "catering": {
      "version": "2.0.0",
      "resolved": "https://registry.npmjs.org/catering/-/catering-2.0.0.tgz",
      "integrity": "sha512-aD/WmxhGwUGsVPrj8C80vH7C7GphJilYVSdudoV4u16XdrLF7CVyfBmENsc4tLTVsJJzCRid8GbwJ7mcPLee6Q=="
    },
    "deferred-leveldown": {
      "version": "6.0.0",
      "resolved": "https://registry.npmjs.org/deferred-leveldown/-/deferred-leveldown-6.0.0.tgz",
      "integrity": "sha512-F6CLAZzNeURojlH4MCigZr54tNz+xDSi06YXsDr5uLSKeF3JKnvnQWTqd+RETh2hbWTJR3qDzGicQOWS5ZQ1BQ==",
      "requires": {
        "abstract-leveldown": "^7.0.0",
        "inherits": "^2.0.3"
      },
      "dependencies": {
        "abstract-leveldown": {
          "version": "7.0.0",
          "resolved": "https://registry.npmjs.org/abstract-leveldown/-/abstract-leveldown-7.0.0.tgz",
          "integrity": "sha512-mFAi5sB/UjpNYglrQ4irzdmr2mbQtE94OJbrAYuK2yRARjH/OACinN1meOAorfnaLPMQdFymSQMlkiDm9AXXKQ==",
          "requires": {
            "buffer": "^6.0.3",
            "is-buffer": "^2.0.5",
            "level-concat-iterator": "^3.0.0",
            "level-supports": "^2.0.0",
            "queue-microtask": "^1.2.3"
          }
        },
        "level-concat-iterator": {
          "version": "3.0.0",
          "resolved": "https://registry.npmjs.org/level-concat-iterator/-/level-concat-iterator-3.0.0.tgz",
          "integrity": "sha512-UHGiIdj+uiFQorOrURRvJF3Ei0uHc89ciM/aRi0qsWDV2f0HXypeXUPhJKL6DsONgSR76Pc0AI4sKYEYYRn2Dg=="
        },
        "level-supports": {
          "version": "2.0.0",
          "resolved": "https://registry.npmjs.org/level-supports/-/level-supports-2.0.0.tgz",
          "integrity": "sha512-8UJgzo1pvWP1wq80ZlkL19fPeK7tlyy0sBY90+2pj0x/kvzHCoLDWyuFJJMrsTn33oc7hbMkS3SkjCxMRPHWaw=="
        }
      }
    },
    "encoding-down": {
      "version": "7.0.0",
      "resolved": "https://registry.npmjs.org/encoding-down/-/encoding-down-7.0.0.tgz",
      "integrity": "sha512-hor6z2W/ZrVqDYMawQp7VtfEt6BrvYw+mgjWLauUMZsIBjMt1/k5aa+JreLbtjwJdkjrZ39TU+pV5GpHPGRpog==",
      "requires": {
        "abstract-leveldown": "^7.0.0",
        "inherits": "^2.0.3",
        "level-codec": "^10.0.0",
        "level-errors": "^3.0.0"
      },
      "dependencies": {
        "abstract-leveldown": {
          "version": "7.0.0",
          "resolved": "https://registry.npmjs.org/abstract-leveldown/-/abstract-leveldown-7.0.0.tgz",
          "integrity": "sha512-mFAi5sB/UjpNYglrQ4irzdmr2mbQtE94OJbrAYuK2yRARjH/OACinN1meOAorfnaLPMQdFymSQMlkiDm9AXXKQ==",
          "requires": {
            "buffer": "^6.0.3",
            "is-buffer": "^2.0.5",
            "level-concat-iterator": "^3.0.0",
            "level-supports": "^2.0.0",
            "queue-microtask": "^1.2.3"
          }
        },
        "errno": {
          "version": "1.0.0",
          "resolved": "https://registry.npmjs.org/errno/-/errno-1.0.0.tgz",
          "integrity": "sha512-3zV5mFS1E8/1bPxt/B0xxzI1snsg3uSCIh6Zo1qKg6iMw93hzPANk9oBFzSFBFrwuVoQuE3rLoouAUfwOAj1wQ==",
          "requires": {
            "prr": "~1.0.1"
          }
        },
        "level-concat-iterator": {
          "version": "3.0.0",
          "resolved": "https://registry.npmjs.org/level-concat-iterator/-/level-concat-iterator-3.0.0.tgz",
          "integrity": "sha512-UHGiIdj+uiFQorOrURRvJF3Ei0uHc89ciM/aRi0qsWDV2f0HXypeXUPhJKL6DsONgSR76Pc0AI4sKYEYYRn2Dg=="
        },
        "level-errors": {
          "version": "3.0.0",
          "resolved": "https://registry.npmjs.org/level-errors/-/level-errors-3.0.0.tgz",
          "integrity": "sha512-MZXOQT061uEjxxxq4C/Jf+M3RdEKK9e3NbxlN7yOp1LDYoLVAhE2i1j0b7XqXfl8FjFtUL7phwr3Sn0wXXoMqA==",
          "requires": {
            "errno": "^1.0.0"
          }
        },
        "level-supports": {
          "version": "2.0.0",
          "resolved": "https://registry.npmjs.org/level-supports/-/level-supports-2.0.0.tgz",
          "integrity": "sha512-8UJgzo1pvWP1wq80ZlkL19fPeK7tlyy0sBY90+2pj0x/kvzHCoLDWyuFJJMrsTn33oc7hbMkS3SkjCxMRPHWaw=="
        }
      }
    },
    "errno": {
      "version": "0.1.7",
      "resolved": "https://registry.npmjs.org/errno/-/errno-0.1.7.tgz",
      "integrity": "sha512-MfrRBDWzIWifgq6tJj60gkAwtLNb6sQPlcFrSOflcP1aFmmruKQ2wRnze/8V6kgyz7H3FF8Npzv78mZ7XLLflg==",
      "requires": {
        "prr": "~1.0.1"
      }
    },
    "fergies-inverted-index": {
      "version": "9.3.1",
      "resolved": "https://registry.npmjs.org/fergies-inverted-index/-/fergies-inverted-index-9.3.1.tgz",
      "integrity": "sha512-xC7uD4ksxlX6Sbrt+Uy5Wwwzua4VDv4RyBOl/kHRYSrX8C9b/L5S5+bNPR0NB0y+iBz7ebmqjqC1uNyNAqXI7w==",
      "requires": {
        "buffer": "^6.0.2",
        "level": "^6.0.1",
        "traverse": "^0.6.6"
      }
    },
    "functional-red-black-tree": {
      "version": "1.0.1",
      "resolved": "https://registry.npmjs.org/functional-red-black-tree/-/functional-red-black-tree-1.0.1.tgz",
      "integrity": "sha1-GwqzvVU7Kg1jmdKcDj6gslIHgyc="
    },
    "ieee754": {
      "version": "1.1.13",
      "resolved": "https://registry.npmjs.org/ieee754/-/ieee754-1.1.13.tgz",
      "integrity": "sha512-4vf7I2LYV/HaWerSo3XmlMkp5eZ83i+/CDluXi/IGTs/O1sejBNhTtnxzmRZfvOUqj7lZjqHkeTvpgSFDlWZTg=="
    },
    "immediate": {
      "version": "3.2.3",
      "resolved": "https://registry.npmjs.org/immediate/-/immediate-3.2.3.tgz",
      "integrity": "sha1-0UD6j2FGWb1lQSMwl92qwlzdmRw="
    },
    "inherits": {
      "version": "2.0.3",
      "resolved": "https://registry.npmjs.org/inherits/-/inherits-2.0.3.tgz",
      "integrity": "sha1-Yzwsg+PaQqUC9SRmAiSA9CCCYd4="
    },
    "is-buffer": {
      "version": "2.0.5",
      "resolved": "https://registry.npmjs.org/is-buffer/-/is-buffer-2.0.5.tgz",
      "integrity": "sha512-i2R6zNFDwgEHJyQUtJEk0XFi1i0dPFn/oqjK3/vPCcDeJvW5NQ83V8QbicfF1SupOaB0h8ntgBC2YiE7dfyctQ=="
    },
    "level": {
      "version": "6.0.1",
      "resolved": "https://registry.npmjs.org/level/-/level-6.0.1.tgz",
      "integrity": "sha512-psRSqJZCsC/irNhfHzrVZbmPYXDcEYhA5TVNwr+V92jF44rbf86hqGp8fiT702FyiArScYIlPSBTDUASCVNSpw==",
      "requires": {
        "level-js": "^5.0.0",
        "level-packager": "^5.1.0",
        "leveldown": "^5.4.0"
      }
    },
    "level-codec": {
      "version": "10.0.0",
      "resolved": "https://registry.npmjs.org/level-codec/-/level-codec-10.0.0.tgz",
      "integrity": "sha512-QW3VteVNAp6c/LuV6nDjg7XDXx9XHK4abmQarxZmlRSDyXYk20UdaJTSX6yzVvQ4i0JyWSB7jert0DsyD/kk6g==",
      "requires": {
        "buffer": "^6.0.3"
      }
    },
    "level-concat-iterator": {
      "version": "2.0.0",
      "resolved": "https://registry.npmjs.org/level-concat-iterator/-/level-concat-iterator-2.0.0.tgz",
      "integrity": "sha512-gMs7JtWp479SOBjJQteQ+WMctfiQXG1SX5EuIGWTTUP37mKqs6BcYcjfZVVzAdTq0lAcSYpL2xGwmCG/hbjOcg=="
    },
    "level-errors": {
      "version": "2.0.1",
      "resolved": "https://registry.npmjs.org/level-errors/-/level-errors-2.0.1.tgz",
      "integrity": "sha512-UVprBJXite4gPS+3VznfgDSU8PTRuVX0NXwoWW50KLxd2yw4Y1t2JUR5In1itQnudZqRMT9DlAM3Q//9NCjCFw==",
      "requires": {
        "errno": "~0.1.1"
      }
    },
    "level-iterator-stream": {
      "version": "5.0.0",
      "resolved": "https://registry.npmjs.org/level-iterator-stream/-/level-iterator-stream-5.0.0.tgz",
      "integrity": "sha512-wnb1+o+CVFUDdiSMR/ZymE2prPs3cjVLlXuDeSq9Zb8o032XrabGEXcTCsBxprAtseO3qvFeGzh6406z9sOTRA==",
      "requires": {
        "inherits": "^2.0.4",
        "readable-stream": "^3.4.0"
      },
      "dependencies": {
        "inherits": {
          "version": "2.0.4",
          "resolved": "https://registry.npmjs.org/inherits/-/inherits-2.0.4.tgz",
          "integrity": "sha512-k/vGaX4/Yla3WzyMCvTQOXYeIHvqOKtnqBduzTHpzpQZzAskKMhZ2K+EnBiSM9zGSoIFeMpXKxa4dYeZIQqewQ=="
        }
      }
    },
    "level-js": {
      "version": "5.0.2",
      "resolved": "https://registry.npmjs.org/level-js/-/level-js-5.0.2.tgz",
      "integrity": "sha512-SnBIDo2pdO5VXh02ZmtAyPP6/+6YTJg2ibLtl9C34pWvmtMEmRTWpra+qO/hifkUtBTOtfx6S9vLDjBsBK4gRg==",
      "requires": {
        "abstract-leveldown": "~6.2.3",
        "buffer": "^5.5.0",
        "inherits": "^2.0.3",
        "ltgt": "^2.1.2"
      },
      "dependencies": {
        "buffer": {
          "version": "5.7.1",
          "resolved": "https://registry.npmjs.org/buffer/-/buffer-5.7.1.tgz",
          "integrity": "sha512-EHcyIPBQ4BSGlvjB16k5KgAJ27CIsHY/2JBmCRReo48y9rQ3MaUzWX3KVlBa4U7MyX02HdVj0K7C3WaB3ju7FQ==",
          "requires": {
            "base64-js": "^1.3.1",
            "ieee754": "^1.1.13"
          }
        }
      }
    },
    "level-packager": {
      "version": "5.1.1",
      "resolved": "https://registry.npmjs.org/level-packager/-/level-packager-5.1.1.tgz",
      "integrity": "sha512-HMwMaQPlTC1IlcwT3+swhqf/NUO+ZhXVz6TY1zZIIZlIR0YSn8GtAAWmIvKjNY16ZkEg/JcpAuQskxsXqC0yOQ==",
      "requires": {
        "encoding-down": "^6.3.0",
        "levelup": "^4.3.2"
      },
      "dependencies": {
        "buffer": {
          "version": "5.7.1",
          "resolved": "https://registry.npmjs.org/buffer/-/buffer-5.7.1.tgz",
          "integrity": "sha512-EHcyIPBQ4BSGlvjB16k5KgAJ27CIsHY/2JBmCRReo48y9rQ3MaUzWX3KVlBa4U7MyX02HdVj0K7C3WaB3ju7FQ==",
          "requires": {
            "base64-js": "^1.3.1",
            "ieee754": "^1.1.13"
          }
        },
        "deferred-leveldown": {
          "version": "5.3.0",
          "resolved": "https://registry.npmjs.org/deferred-leveldown/-/deferred-leveldown-5.3.0.tgz",
          "integrity": "sha512-a59VOT+oDy7vtAbLRCZwWgxu2BaCfd5Hk7wxJd48ei7I+nsg8Orlb9CLG0PMZienk9BSUKgeAqkO2+Lw+1+Ukw==",
          "requires": {
            "abstract-leveldown": "~6.2.1",
            "inherits": "^2.0.3"
          }
        },
        "encoding-down": {
          "version": "6.3.0",
          "resolved": "https://registry.npmjs.org/encoding-down/-/encoding-down-6.3.0.tgz",
          "integrity": "sha512-QKrV0iKR6MZVJV08QY0wp1e7vF6QbhnbQhb07bwpEyuz4uZiZgPlEGdkCROuFkUwdxlFaiPIhjyarH1ee/3vhw==",
          "requires": {
            "abstract-leveldown": "^6.2.1",
            "inherits": "^2.0.3",
            "level-codec": "^9.0.0",
            "level-errors": "^2.0.0"
          }
        },
        "level-codec": {
          "version": "9.0.2",
          "resolved": "https://registry.npmjs.org/level-codec/-/level-codec-9.0.2.tgz",
          "integrity": "sha512-UyIwNb1lJBChJnGfjmO0OR+ezh2iVu1Kas3nvBS/BzGnx79dv6g7unpKIDNPMhfdTEGoc7mC8uAu51XEtX+FHQ==",
          "requires": {
            "buffer": "^5.6.0"
          }
        },
        "level-iterator-stream": {
          "version": "4.0.2",
          "resolved": "https://registry.npmjs.org/level-iterator-stream/-/level-iterator-stream-4.0.2.tgz",
          "integrity": "sha512-ZSthfEqzGSOMWoUGhTXdX9jv26d32XJuHz/5YnuHZzH6wldfWMOVwI9TBtKcya4BKTyTt3XVA0A3cF3q5CY30Q==",
          "requires": {
            "inherits": "^2.0.4",
            "readable-stream": "^3.4.0",
            "xtend": "^4.0.2"
          },
          "dependencies": {
            "inherits": {
              "version": "2.0.4",
              "resolved": "https://registry.npmjs.org/inherits/-/inherits-2.0.4.tgz",
              "integrity": "sha512-k/vGaX4/Yla3WzyMCvTQOXYeIHvqOKtnqBduzTHpzpQZzAskKMhZ2K+EnBiSM9zGSoIFeMpXKxa4dYeZIQqewQ=="
            },
            "xtend": {
              "version": "4.0.2",
              "resolved": "https://registry.npmjs.org/xtend/-/xtend-4.0.2.tgz",
              "integrity": "sha512-LKYU1iAXJXUgAXn9URjiu+MWhyUXHsvfp7mcuYm9dSUKK0/CjtrUwFAxD82/mCWbtLsGjFIad0wIsod4zrTAEQ=="
            }
          }
        },
        "levelup": {
          "version": "4.4.0",
          "resolved": "https://registry.npmjs.org/levelup/-/levelup-4.4.0.tgz",
          "integrity": "sha512-94++VFO3qN95cM/d6eBXvd894oJE0w3cInq9USsyQzzoJxmiYzPAocNcuGCPGGjoXqDVJcr3C1jzt1TSjyaiLQ==",
          "requires": {
            "deferred-leveldown": "~5.3.0",
            "level-errors": "~2.0.0",
            "level-iterator-stream": "~4.0.0",
            "level-supports": "~1.0.0",
            "xtend": "~4.0.0"
          }
        }
      }
    },
    "level-supports": {
      "version": "1.0.1",
      "resolved": "https://registry.npmjs.org/level-supports/-/level-supports-1.0.1.tgz",
      "integrity": "sha512-rXM7GYnW8gsl1vedTJIbzOrRv85c/2uCMpiiCzO2fndd06U/kUXEEU9evYn4zFggBOg36IsBW8LzqIpETwwQzg==",
      "requires": {
        "xtend": "^4.0.2"
      },
      "dependencies": {
        "xtend": {
          "version": "4.0.2",
          "resolved": "https://registry.npmjs.org/xtend/-/xtend-4.0.2.tgz",
          "integrity": "sha512-LKYU1iAXJXUgAXn9URjiu+MWhyUXHsvfp7mcuYm9dSUKK0/CjtrUwFAxD82/mCWbtLsGjFIad0wIsod4zrTAEQ=="
        }
      }
    },
    "leveldown": {
      "version": "5.6.0",
      "resolved": "https://registry.npmjs.org/leveldown/-/leveldown-5.6.0.tgz",
      "integrity": "sha512-iB8O/7Db9lPaITU1aA2txU/cBEXAt4vWwKQRrrWuS6XDgbP4QZGj9BL2aNbwb002atoQ/lIotJkfyzz+ygQnUQ==",
      "requires": {
        "abstract-leveldown": "~6.2.1",
        "napi-macros": "~2.0.0",
        "node-gyp-build": "~4.1.0"
      }
    },
    "levelup": {
      "version": "5.0.1",
      "resolved": "https://registry.npmjs.org/levelup/-/levelup-5.0.1.tgz",
      "integrity": "sha512-MJvQgBRQmB+E5+d6Qbxqm05N4U9NzOxGNhXx0rR8maRBwmVuVV+m4IV3N4HzZJW8JwiJ0jj92RZaytcD+Hr1CA==",
      "requires": {
        "catering": "^2.0.0",
        "deferred-leveldown": "^6.0.0",
        "level-errors": "^3.0.0",
        "level-iterator-stream": "^5.0.0",
        "level-supports": "^2.0.0",
        "queue-microtask": "^1.2.3"
      },
      "dependencies": {
        "errno": {
          "version": "1.0.0",
          "resolved": "https://registry.npmjs.org/errno/-/errno-1.0.0.tgz",
          "integrity": "sha512-3zV5mFS1E8/1bPxt/B0xxzI1snsg3uSCIh6Zo1qKg6iMw93hzPANk9oBFzSFBFrwuVoQuE3rLoouAUfwOAj1wQ==",
          "requires": {
            "prr": "~1.0.1"
          }
        },
        "level-errors": {
          "version": "3.0.0",
          "resolved": "https://registry.npmjs.org/level-errors/-/level-errors-3.0.0.tgz",
          "integrity": "sha512-MZXOQT061uEjxxxq4C/Jf+M3RdEKK9e3NbxlN7yOp1LDYoLVAhE2i1j0b7XqXfl8FjFtUL7phwr3Sn0wXXoMqA==",
          "requires": {
            "errno": "^1.0.0"
          }
        },
        "level-supports": {
          "version": "2.0.0",
          "resolved": "https://registry.npmjs.org/level-supports/-/level-supports-2.0.0.tgz",
          "integrity": "sha512-8UJgzo1pvWP1wq80ZlkL19fPeK7tlyy0sBY90+2pj0x/kvzHCoLDWyuFJJMrsTn33oc7hbMkS3SkjCxMRPHWaw=="
        }
      }
    },
    "ltgt": {
      "version": "2.2.1",
      "resolved": "https://registry.npmjs.org/ltgt/-/ltgt-2.2.1.tgz",
      "integrity": "sha1-81ypHEk/e3PaDgdJUwTxezH4fuU="
    },
    "memdown": {
      "version": "6.0.0",
      "resolved": "https://registry.npmjs.org/memdown/-/memdown-6.0.0.tgz",
      "integrity": "sha512-ryMNxH7h/aU+nMgxkeQAsZIIPxoDYAPwMJa2hbKerOJEIkU0E4JNVR8ExJQJ4K9C2ZO5lU1GivX9bYHhkGKxtQ==",
      "requires": {
        "abstract-leveldown": "^7.0.0",
        "buffer": "^6.0.3",
        "functional-red-black-tree": "^1.0.1",
        "inherits": "^2.0.1",
        "ltgt": "^2.2.0"
      },
      "dependencies": {
        "abstract-leveldown": {
          "version": "7.0.0",
          "resolved": "https://registry.npmjs.org/abstract-leveldown/-/abstract-leveldown-7.0.0.tgz",
          "integrity": "sha512-mFAi5sB/UjpNYglrQ4irzdmr2mbQtE94OJbrAYuK2yRARjH/OACinN1meOAorfnaLPMQdFymSQMlkiDm9AXXKQ==",
          "requires": {
            "buffer": "^6.0.3",
            "is-buffer": "^2.0.5",
            "level-concat-iterator": "^3.0.0",
            "level-supports": "^2.0.0",
            "queue-microtask": "^1.2.3"
          }
        },
        "level-concat-iterator": {
          "version": "3.0.0",
          "resolved": "https://registry.npmjs.org/level-concat-iterator/-/level-concat-iterator-3.0.0.tgz",
          "integrity": "sha512-UHGiIdj+uiFQorOrURRvJF3Ei0uHc89ciM/aRi0qsWDV2f0HXypeXUPhJKL6DsONgSR76Pc0AI4sKYEYYRn2Dg=="
        },
        "level-supports": {
          "version": "2.0.0",
          "resolved": "https://registry.npmjs.org/level-supports/-/level-supports-2.0.0.tgz",
          "integrity": "sha512-8UJgzo1pvWP1wq80ZlkL19fPeK7tlyy0sBY90+2pj0x/kvzHCoLDWyuFJJMrsTn33oc7hbMkS3SkjCxMRPHWaw=="
        }
      }
    },
    "napi-macros": {
      "version": "2.0.0",
      "resolved": "https://registry.npmjs.org/napi-macros/-/napi-macros-2.0.0.tgz",
      "integrity": "sha512-A0xLykHtARfueITVDernsAWdtIMbOJgKgcluwENp3AlsKN/PloyO10HtmoqnFAQAcxPkgZN7wdfPfEd0zNGxbg=="
    },
    "node-gyp-build": {
      "version": "4.1.1",
      "resolved": "https://registry.npmjs.org/node-gyp-build/-/node-gyp-build-4.1.1.tgz",
      "integrity": "sha512-dSq1xmcPDKPZ2EED2S6zw/b9NKsqzXRE6dVr8TVQnI3FJOTteUMuqF3Qqs6LZg+mLGYJWqQzMbIjMtJqTv87nQ=="
    },
    "prr": {
      "version": "1.0.1",
      "resolved": "https://registry.npmjs.org/prr/-/prr-1.0.1.tgz",
      "integrity": "sha1-0/wRS6BplaRexok/SEzrHXj19HY="
    },
    "queue-microtask": {
      "version": "1.2.3",
      "resolved": "https://registry.npmjs.org/queue-microtask/-/queue-microtask-1.2.3.tgz",
      "integrity": "sha512-NuaNSa6flKT5JaSYQzJok04JzTL1CA6aGhv5rfLW3PgqA+M2ChpZQnAC8h8i4ZFkBS8X5RqkDBHA7r4hej3K9A=="
    },
    "readable-stream": {
      "version": "3.6.0",
      "resolved": "https://registry.npmjs.org/readable-stream/-/readable-stream-3.6.0.tgz",
      "integrity": "sha512-BViHy7LKeTz4oNnkcLJ+lVSL6vpiFeX6/d3oSH8zCW7UxP2onchk+vTGB143xuFjHS3deTgkKoXXymXqymiIdA==",
      "requires": {
        "inherits": "^2.0.3",
        "string_decoder": "^1.1.1",
        "util-deprecate": "^1.0.1"
      }
    },
    "search-index": {
      "version": "2.4.0",
      "resolved": "https://registry.npmjs.org/search-index/-/search-index-2.4.0.tgz",
      "integrity": "sha512-K7tpnGlptVU8a9aYi2mbCkzpDVEq4LvAN1H8MYKOfs79bte8YoJaOX+2RMAOf7gxZ6mVagLl+J9+nC03/hZLNg==",
      "requires": {
        "fergies-inverted-index": "9.3.1",
        "term-vector": "^1.0.0"
      }
    },
    "string_decoder": {
      "version": "1.3.0",
      "resolved": "https://registry.npmjs.org/string_decoder/-/string_decoder-1.3.0.tgz",
      "integrity": "sha512-hkRX8U1WjJFd8LsDJ2yQ/wWWxaopEsABU1XfkM8A+j0+85JAGppt16cr1Whg6KIbb4okU6Mql6BOj+uup/wKeA==",
      "requires": {
        "safe-buffer": "~5.2.0"
      },
      "dependencies": {
        "safe-buffer": {
          "version": "5.2.1",
          "resolved": "https://registry.npmjs.org/safe-buffer/-/safe-buffer-5.2.1.tgz",
          "integrity": "sha512-rp3So07KcdmmKbGvgaNxQSJr7bGVSVk5S9Eq1F+ppbRo70+YeaDxkw5Dd8NPN+GD6bjnYm2VuPuCXmpuYvmCXQ=="
        }
      }
    },
    "term-vector": {
      "version": "1.0.0",
      "resolved": "https://registry.npmjs.org/term-vector/-/term-vector-1.0.0.tgz",
      "integrity": "sha512-P7xDawxO9T1yjR2oiTfgw7BzvyrdsbakUT6PJsgaAeFmSV+6h3fnXtmZJf4ynef6HVamYgs7Wf5I75UBV15ddQ=="
    },
    "traverse": {
      "version": "0.6.6",
      "resolved": "https://registry.npmjs.org/traverse/-/traverse-0.6.6.tgz",
      "integrity": "sha1-y99WD9e5r2MlAv7UD5GMFX6pcTc="
    },
    "util-deprecate": {
      "version": "1.0.2",
      "resolved": "https://registry.npmjs.org/util-deprecate/-/util-deprecate-1.0.2.tgz",
      "integrity": "sha1-RQ1Nyfpw3nMnYvvS1KKJgUGaDM8="
    },
    "xtend": {
      "version": "4.0.1",
      "resolved": "https://registry.npmjs.org/xtend/-/xtend-4.0.1.tgz",
      "integrity": "sha1-pcbVMr5lbiPbgg77lDofBJmNY68="
    }
  }
}
