{
  "name": "designing-with-search-data",
  "version": "0.0.4",
  "lockfileVersion": 1,
  "requires": true,
  "dependencies": {
    "abstract-leveldown": {
      "version": "7.2.0",
      "resolved": "https://registry.npmjs.org/abstract-leveldown/-/abstract-leveldown-7.2.0.tgz",
      "integrity": "sha512-DnhQwcFEaYsvYDnACLZhMmCWd3rkOeEvglpa4q5i/5Jlm3UIsWaxVzuXvDLFCSCWRO3yy2/+V/G7FusFgejnfQ==",
      "requires": {
        "buffer": "^6.0.3",
        "catering": "^2.0.0",
        "is-buffer": "^2.0.5",
        "level-concat-iterator": "^3.0.0",
        "level-supports": "^2.0.1",
        "queue-microtask": "^1.2.3"
      }
    },
    "base64-js": {
      "version": "1.3.1",
      "resolved": "https://registry.npmjs.org/base64-js/-/base64-js-1.3.1.tgz",
      "integrity": "sha512-mLQ4i2QO1ytvGWFWmcngKO//JXAQueZvwEKtjgQFM4jIK0kU+ytMfplL8j+n5mspOfjHwoAg+9yhb7BwAHm36g=="
    },
    "buffer": {
      "version": "6.0.3",
      "resolved": "https://registry.npmjs.org/buffer/-/buffer-6.0.3.tgz",
      "integrity": "sha512-FTiCpNxtwiZZHEZbcbTIcZjERVICn9yq/pDFkTl95/AxzD1naBctN7YO68riM/gLSDY7sdrMby8hofADYuuqOA==",
      "requires": {
        "base64-js": "^1.3.1",
        "ieee754": "^1.2.1"
      },
      "dependencies": {
        "ieee754": {
          "version": "1.2.1",
          "resolved": "https://registry.npmjs.org/ieee754/-/ieee754-1.2.1.tgz",
          "integrity": "sha512-dcyqhDvX1C46lXZcVqCpK+FtMRQVdIMN6/Df5js2zouUsqG7I6sFxitIC+7KYK29KdXOLHdu9zL4sFnoVQnqaA=="
        }
      }
    },
    "catering": {
      "version": "2.0.0",
      "resolved": "https://registry.npmjs.org/catering/-/catering-2.0.0.tgz",
      "integrity": "sha512-aD/WmxhGwUGsVPrj8C80vH7C7GphJilYVSdudoV4u16XdrLF7CVyfBmENsc4tLTVsJJzCRid8GbwJ7mcPLee6Q=="
    },
    "charwise": {
      "version": "3.0.1",
      "resolved": "https://registry.npmjs.org/charwise/-/charwise-3.0.1.tgz",
      "integrity": "sha512-RcdumNsM6fJZ5HHbYunqj2bpurVRGsXour3OR+SlLEHFhG6ALm54i6Osnh+OvO7kEoSBzwExpblYFH8zKQiEPw=="
    },
    "deferred-leveldown": {
      "version": "7.0.0",
      "resolved": "https://registry.npmjs.org/deferred-leveldown/-/deferred-leveldown-7.0.0.tgz",
      "integrity": "sha512-QKN8NtuS3BC6m0B8vAnBls44tX1WXAFATUsJlruyAYbZpysWV3siH6o/i3g9DCHauzodksO60bdj5NazNbjCmg==",
      "requires": {
        "abstract-leveldown": "^7.2.0",
        "inherits": "^2.0.3"
      },
      "dependencies": {
        "abstract-leveldown": {
          "version": "7.2.0",
          "resolved": "https://registry.npmjs.org/abstract-leveldown/-/abstract-leveldown-7.2.0.tgz",
          "integrity": "sha512-DnhQwcFEaYsvYDnACLZhMmCWd3rkOeEvglpa4q5i/5Jlm3UIsWaxVzuXvDLFCSCWRO3yy2/+V/G7FusFgejnfQ==",
          "requires": {
            "buffer": "^6.0.3",
            "catering": "^2.0.0",
            "is-buffer": "^2.0.5",
            "level-concat-iterator": "^3.0.0",
            "level-supports": "^2.0.1",
            "queue-microtask": "^1.2.3"
          }
        },
        "level-concat-iterator": {
          "version": "3.0.0",
          "resolved": "https://registry.npmjs.org/level-concat-iterator/-/level-concat-iterator-3.0.0.tgz",
          "integrity": "sha512-UHGiIdj+uiFQorOrURRvJF3Ei0uHc89ciM/aRi0qsWDV2f0HXypeXUPhJKL6DsONgSR76Pc0AI4sKYEYYRn2Dg=="
        },
        "level-supports": {
          "version": "2.0.2",
          "resolved": "https://registry.npmjs.org/level-supports/-/level-supports-2.0.2.tgz",
          "integrity": "sha512-dU1W7OnntoCXeNfy9c93K7KEoGNsuP+zZLbUQrIbBzhdZ75U0h8GEcioqmJc1QpYVORyFfeR+kyFeNx2N4t7lg=="
        }
      }
    },
    "encoding-down": {
      "version": "7.1.0",
      "resolved": "https://registry.npmjs.org/encoding-down/-/encoding-down-7.1.0.tgz",
      "integrity": "sha512-ky47X5jP84ryk5EQmvedQzELwVJPjCgXDQZGeb9F6r4PdChByCGHTBrVcF3h8ynKVJ1wVbkxTsDC8zBROPypgQ==",
      "requires": {
        "abstract-leveldown": "^7.2.0",
        "inherits": "^2.0.3",
        "level-codec": "^10.0.0",
        "level-errors": "^3.0.0"
      },
      "dependencies": {
        "abstract-leveldown": {
          "version": "7.2.0",
          "resolved": "https://registry.npmjs.org/abstract-leveldown/-/abstract-leveldown-7.2.0.tgz",
          "integrity": "sha512-DnhQwcFEaYsvYDnACLZhMmCWd3rkOeEvglpa4q5i/5Jlm3UIsWaxVzuXvDLFCSCWRO3yy2/+V/G7FusFgejnfQ==",
          "requires": {
            "buffer": "^6.0.3",
            "catering": "^2.0.0",
            "is-buffer": "^2.0.5",
            "level-concat-iterator": "^3.0.0",
            "level-supports": "^2.0.1",
            "queue-microtask": "^1.2.3"
          }
        },
        "level-concat-iterator": {
          "version": "3.0.0",
          "resolved": "https://registry.npmjs.org/level-concat-iterator/-/level-concat-iterator-3.0.0.tgz",
          "integrity": "sha512-UHGiIdj+uiFQorOrURRvJF3Ei0uHc89ciM/aRi0qsWDV2f0HXypeXUPhJKL6DsONgSR76Pc0AI4sKYEYYRn2Dg=="
        },
        "level-errors": {
          "version": "3.0.1",
          "resolved": "https://registry.npmjs.org/level-errors/-/level-errors-3.0.1.tgz",
          "integrity": "sha512-tqTL2DxzPDzpwl0iV5+rBCv65HWbHp6eutluHNcVIftKZlQN//b6GEnZDM2CvGZvzGYMwyPtYppYnydBQd2SMQ=="
        },
        "level-supports": {
          "version": "2.0.2",
          "resolved": "https://registry.npmjs.org/level-supports/-/level-supports-2.0.2.tgz",
          "integrity": "sha512-dU1W7OnntoCXeNfy9c93K7KEoGNsuP+zZLbUQrIbBzhdZ75U0h8GEcioqmJc1QpYVORyFfeR+kyFeNx2N4t7lg=="
        }
      }
    },
    "eventemitter3": {
      "version": "4.0.7",
      "resolved": "https://registry.npmjs.org/eventemitter3/-/eventemitter3-4.0.7.tgz",
      "integrity": "sha512-8guHBZCwKnFhYdHr2ysuRWErTwhoN2X8XELRlrRwpmfeY2jjuUN4taQMsULKUVo1K4DvZl+0pgfyoysHxvmvEw=="
    },
    "fergies-inverted-index": {
      "version": "10.0.6",
      "resolved": "https://registry.npmjs.org/fergies-inverted-index/-/fergies-inverted-index-10.0.6.tgz",
      "integrity": "sha512-T0dXoUk7XYr/N4Vgcw8MDoKtSUedYp9KxPvyYLSFbqIxDoOBPXpOktSTDaA6ToU9u9o/7u4FXtd9vJ4AoQejZg==",
      "requires": {
        "charwise": "^3.0.1",
        "encoding-down": "^7.1.0",
        "level-js": "^6.1.0",
        "leveldown": "^6.1.0",
        "levelup": "^5.1.1",
        "traverse": "^0.6.6"
      }
    },
    "functional-red-black-tree": {
      "version": "1.0.1",
      "resolved": "https://registry.npmjs.org/functional-red-black-tree/-/functional-red-black-tree-1.0.1.tgz",
      "integrity": "sha1-GwqzvVU7Kg1jmdKcDj6gslIHgyc="
    },
    "inherits": {
      "version": "2.0.3",
      "resolved": "https://registry.npmjs.org/inherits/-/inherits-2.0.3.tgz",
      "integrity": "sha1-Yzwsg+PaQqUC9SRmAiSA9CCCYd4="
    },
    "is-buffer": {
      "version": "2.0.5",
      "resolved": "https://registry.npmjs.org/is-buffer/-/is-buffer-2.0.5.tgz",
      "integrity": "sha512-i2R6zNFDwgEHJyQUtJEk0XFi1i0dPFn/oqjK3/vPCcDeJvW5NQ83V8QbicfF1SupOaB0h8ntgBC2YiE7dfyctQ=="
    },
    "level-codec": {
      "version": "10.0.0",
      "resolved": "https://registry.npmjs.org/level-codec/-/level-codec-10.0.0.tgz",
      "integrity": "sha512-QW3VteVNAp6c/LuV6nDjg7XDXx9XHK4abmQarxZmlRSDyXYk20UdaJTSX6yzVvQ4i0JyWSB7jert0DsyD/kk6g==",
      "requires": {
        "buffer": "^6.0.3"
      }
    },
    "level-concat-iterator": {
      "version": "3.1.0",
      "resolved": "https://registry.npmjs.org/level-concat-iterator/-/level-concat-iterator-3.1.0.tgz",
      "integrity": "sha512-BWRCMHBxbIqPxJ8vHOvKUsaO0v1sLYZtjN3K2iZJsRBYtp+ONsY6Jfi6hy9K3+zolgQRryhIn2NRZjZnWJ9NmQ==",
      "requires": {
        "catering": "^2.1.0"
      },
      "dependencies": {
        "catering": {
          "version": "2.1.0",
          "resolved": "https://registry.npmjs.org/catering/-/catering-2.1.0.tgz",
          "integrity": "sha512-M5imwzQn6y+ODBfgi+cfgZv2hIUI6oYU/0f35Mdb1ujGeqeoI5tOnl9Q13DTH7LW+7er+NYq8stNOKZD/Z3U/A==",
          "requires": {
            "queue-tick": "^1.0.0"
          }
        }
      }
    },
    "level-iterator-stream": {
      "version": "5.0.0",
      "resolved": "https://registry.npmjs.org/level-iterator-stream/-/level-iterator-stream-5.0.0.tgz",
      "integrity": "sha512-wnb1+o+CVFUDdiSMR/ZymE2prPs3cjVLlXuDeSq9Zb8o032XrabGEXcTCsBxprAtseO3qvFeGzh6406z9sOTRA==",
      "requires": {
        "inherits": "^2.0.4",
        "readable-stream": "^3.4.0"
      },
      "dependencies": {
        "inherits": {
          "version": "2.0.4",
          "resolved": "https://registry.npmjs.org/inherits/-/inherits-2.0.4.tgz",
          "integrity": "sha512-k/vGaX4/Yla3WzyMCvTQOXYeIHvqOKtnqBduzTHpzpQZzAskKMhZ2K+EnBiSM9zGSoIFeMpXKxa4dYeZIQqewQ=="
        }
      }
    },
    "level-js": {
      "version": "6.1.0",
      "resolved": "https://registry.npmjs.org/level-js/-/level-js-6.1.0.tgz",
      "integrity": "sha512-i7mPtkZm68aewfv0FnIUWvFUFfoyzIvVKnUmuQGrelEkP72vSPTaA1SGneWWoCV5KZJG4wlzbJLp1WxVNGuc6A==",
      "requires": {
        "abstract-leveldown": "^7.2.0",
        "buffer": "^6.0.3",
        "inherits": "^2.0.3",
        "ltgt": "^2.1.2",
        "run-parallel-limit": "^1.1.0"
      }
    },
    "level-supports": {
      "version": "2.1.0",
      "resolved": "https://registry.npmjs.org/level-supports/-/level-supports-2.1.0.tgz",
      "integrity": "sha512-E486g1NCjW5cF78KGPrMDRBYzPuueMZ6VBXHT6gC7A8UYWGiM14fGgp+s/L1oFfDWSPV/+SFkYCmZ0SiESkRKA=="
    },
    "leveldown": {
      "version": "6.1.0",
      "resolved": "https://registry.npmjs.org/leveldown/-/leveldown-6.1.0.tgz",
      "integrity": "sha512-8C7oJDT44JXxh04aSSsfcMI8YiaGRhOFI9/pMEL7nWJLVsWajDPTRxsSHTM2WcTVY5nXM+SuRHzPPi0GbnDX+w==",
      "requires": {
        "abstract-leveldown": "^7.2.0",
        "napi-macros": "~2.0.0",
        "node-gyp-build": "^4.3.0"
      }
    },
    "levelup": {
      "version": "5.1.1",
      "resolved": "https://registry.npmjs.org/levelup/-/levelup-5.1.1.tgz",
      "integrity": "sha512-0mFCcHcEebOwsQuk00WJwjLI6oCjbBuEYdh/RaRqhjnyVlzqf41T1NnDtCedumZ56qyIh8euLFDqV1KfzTAVhg==",
      "requires": {
        "catering": "^2.0.0",
        "deferred-leveldown": "^7.0.0",
        "level-errors": "^3.0.1",
        "level-iterator-stream": "^5.0.0",
        "level-supports": "^2.0.1",
        "queue-microtask": "^1.2.3"
      },
      "dependencies": {
        "level-errors": {
          "version": "3.0.1",
          "resolved": "https://registry.npmjs.org/level-errors/-/level-errors-3.0.1.tgz",
          "integrity": "sha512-tqTL2DxzPDzpwl0iV5+rBCv65HWbHp6eutluHNcVIftKZlQN//b6GEnZDM2CvGZvzGYMwyPtYppYnydBQd2SMQ=="
        },
        "level-supports": {
          "version": "2.0.2",
          "resolved": "https://registry.npmjs.org/level-supports/-/level-supports-2.0.2.tgz",
          "integrity": "sha512-dU1W7OnntoCXeNfy9c93K7KEoGNsuP+zZLbUQrIbBzhdZ75U0h8GEcioqmJc1QpYVORyFfeR+kyFeNx2N4t7lg=="
        }
      }
    },
    "lru-cache": {
      "version": "7.12.0",
      "resolved": "https://registry.npmjs.org/lru-cache/-/lru-cache-7.12.0.tgz",
      "integrity": "sha512-OIP3DwzRZDfLg9B9VP/huWBlpvbkmbfiBy8xmsXp4RPmE4A3MhwNozc5ZJ3fWnSg8fDcdlE/neRTPG2ycEKliw=="
    },
    "ltgt": {
      "version": "2.2.1",
      "resolved": "https://registry.npmjs.org/ltgt/-/ltgt-2.2.1.tgz",
      "integrity": "sha1-81ypHEk/e3PaDgdJUwTxezH4fuU="
    },
    "memdown": {
      "version": "6.1.1",
      "resolved": "https://registry.npmjs.org/memdown/-/memdown-6.1.1.tgz",
      "integrity": "sha512-vh2RiuVrn6Vv73088C1KzLwy9+hhRwoZsgddYqIoVuFFrcoc2Rt+lq/KrmkFn6ulko7AtQ0AvqtYid35exb38A==",
      "requires": {
        "abstract-leveldown": "^7.2.0",
        "buffer": "^6.0.3",
        "functional-red-black-tree": "^1.0.1",
        "inherits": "^2.0.1",
        "ltgt": "^2.2.0"
      },
      "dependencies": {
        "abstract-leveldown": {
          "version": "7.2.0",
          "resolved": "https://registry.npmjs.org/abstract-leveldown/-/abstract-leveldown-7.2.0.tgz",
          "integrity": "sha512-DnhQwcFEaYsvYDnACLZhMmCWd3rkOeEvglpa4q5i/5Jlm3UIsWaxVzuXvDLFCSCWRO3yy2/+V/G7FusFgejnfQ==",
          "requires": {
            "buffer": "^6.0.3",
            "catering": "^2.0.0",
            "is-buffer": "^2.0.5",
            "level-concat-iterator": "^3.0.0",
            "level-supports": "^2.0.1",
            "queue-microtask": "^1.2.3"
          }
        },
        "level-concat-iterator": {
          "version": "3.0.0",
          "resolved": "https://registry.npmjs.org/level-concat-iterator/-/level-concat-iterator-3.0.0.tgz",
          "integrity": "sha512-UHGiIdj+uiFQorOrURRvJF3Ei0uHc89ciM/aRi0qsWDV2f0HXypeXUPhJKL6DsONgSR76Pc0AI4sKYEYYRn2Dg=="
        },
        "level-supports": {
          "version": "2.0.2",
          "resolved": "https://registry.npmjs.org/level-supports/-/level-supports-2.0.2.tgz",
          "integrity": "sha512-dU1W7OnntoCXeNfy9c93K7KEoGNsuP+zZLbUQrIbBzhdZ75U0h8GEcioqmJc1QpYVORyFfeR+kyFeNx2N4t7lg=="
        }
      }
    },
    "napi-macros": {
      "version": "2.0.0",
      "resolved": "https://registry.npmjs.org/napi-macros/-/napi-macros-2.0.0.tgz",
      "integrity": "sha512-A0xLykHtARfueITVDernsAWdtIMbOJgKgcluwENp3AlsKN/PloyO10HtmoqnFAQAcxPkgZN7wdfPfEd0zNGxbg=="
    },
    "ngraminator": {
      "version": "3.0.1",
      "resolved": "https://registry.npmjs.org/ngraminator/-/ngraminator-3.0.1.tgz",
      "integrity": "sha512-jfDjy/uQEKM0cAhyPCbptqptgA8wAGDMJMl7FJFXf0XvBbtcL87OYaiz+2lL3+Ig0pa+zBCDU0VvIckKBqnsNQ=="
    },
    "node-gyp-build": {
      "version": "4.3.0",
      "resolved": "https://registry.npmjs.org/node-gyp-build/-/node-gyp-build-4.3.0.tgz",
      "integrity": "sha512-iWjXZvmboq0ja1pUGULQBexmxq8CV4xBhX7VDOTbL7ZR4FOowwY/VOtRxBN/yKxmdGoIp4j5ysNT4u3S2pDQ3Q=="
    },
    "p-queue": {
      "version": "7.2.0",
      "resolved": "https://registry.npmjs.org/p-queue/-/p-queue-7.2.0.tgz",
      "integrity": "sha512-Kvv7p13M46lTYLQ/PsZdaj/1Vj6u/8oiIJgyQyx4oVkOfHdd7M2EZvXigDvcsSzRwanCzQirV5bJPQFoSQt5MA==",
      "requires": {
        "eventemitter3": "^4.0.7",
        "p-timeout": "^5.0.2"
      }
    },
    "p-timeout": {
      "version": "5.1.0",
      "resolved": "https://registry.npmjs.org/p-timeout/-/p-timeout-5.1.0.tgz",
      "integrity": "sha512-auFDyzzzGZZZdHz3BtET9VEz0SE/uMEAx7uWfGPucfzEwwe/xH0iVeZibQmANYE/hp9T2+UUZT5m+BKyrDp3Ew=="
    },
    "queue-microtask": {
      "version": "1.2.3",
      "resolved": "https://registry.npmjs.org/queue-microtask/-/queue-microtask-1.2.3.tgz",
      "integrity": "sha512-NuaNSa6flKT5JaSYQzJok04JzTL1CA6aGhv5rfLW3PgqA+M2ChpZQnAC8h8i4ZFkBS8X5RqkDBHA7r4hej3K9A=="
    },
    "queue-tick": {
      "version": "1.0.0",
      "resolved": "https://registry.npmjs.org/queue-tick/-/queue-tick-1.0.0.tgz",
      "integrity": "sha512-ULWhjjE8BmiICGn3G8+1L9wFpERNxkf8ysxkAer4+TFdRefDaXOCV5m92aMB9FtBVmn/8sETXLXY6BfW7hyaWQ=="
    },
    "readable-stream": {
      "version": "3.6.0",
      "resolved": "https://registry.npmjs.org/readable-stream/-/readable-stream-3.6.0.tgz",
      "integrity": "sha512-BViHy7LKeTz4oNnkcLJ+lVSL6vpiFeX6/d3oSH8zCW7UxP2onchk+vTGB143xuFjHS3deTgkKoXXymXqymiIdA==",
      "requires": {
        "inherits": "^2.0.3",
        "string_decoder": "^1.1.1",
        "util-deprecate": "^1.0.1"
      }
    },
    "run-parallel-limit": {
      "version": "1.1.0",
      "resolved": "https://registry.npmjs.org/run-parallel-limit/-/run-parallel-limit-1.1.0.tgz",
      "integrity": "sha512-jJA7irRNM91jaKc3Hcl1npHsFLOXOoTkPCUL1JEa1R82O2miplXXRaGdjW/KM/98YQWDhJLiSs793CnXfblJUw==",
      "requires": {
        "queue-microtask": "^1.2.2"
      }
    },
    "search-index": {
      "version": "3.1.2",
      "resolved": "https://registry.npmjs.org/search-index/-/search-index-3.1.2.tgz",
      "integrity": "sha512-OjrZ2KfKTzIQOyqfyJr+halekDcDmbgngoVX5QjnkWB+L14V0hRS+vfVd7TjS3Rc8p4AaDMpXHXL8U6xNMuPPA==",
      "requires": {
        "fergies-inverted-index": "10.0.6",
        "level-js": "^6.1.0",
        "leveldown": "^6.1.1",
        "lru-cache": "^7.9.0",
        "ngraminator": "^3.0.1",
        "p-queue": "^7.2.0",
        "term-vector": "^1.0.0"
      },
      "dependencies": {
        "leveldown": {
          "version": "6.1.1",
          "resolved": "https://registry.npmjs.org/leveldown/-/leveldown-6.1.1.tgz",
          "integrity": "sha512-88c+E+Eizn4CkQOBHwqlCJaTNEjGpaEIikn1S+cINc5E9HEvJ77bqY4JY/HxT5u0caWqsc3P3DcFIKBI1vHt+A==",
          "requires": {
            "abstract-leveldown": "^7.2.0",
            "napi-macros": "~2.0.0",
            "node-gyp-build": "^4.3.0"
          }
        }
      }
    },
    "string_decoder": {
      "version": "1.3.0",
      "resolved": "https://registry.npmjs.org/string_decoder/-/string_decoder-1.3.0.tgz",
      "integrity": "sha512-hkRX8U1WjJFd8LsDJ2yQ/wWWxaopEsABU1XfkM8A+j0+85JAGppt16cr1Whg6KIbb4okU6Mql6BOj+uup/wKeA==",
      "requires": {
        "safe-buffer": "~5.2.0"
      },
      "dependencies": {
        "safe-buffer": {
          "version": "5.2.1",
          "resolved": "https://registry.npmjs.org/safe-buffer/-/safe-buffer-5.2.1.tgz",
          "integrity": "sha512-rp3So07KcdmmKbGvgaNxQSJr7bGVSVk5S9Eq1F+ppbRo70+YeaDxkw5Dd8NPN+GD6bjnYm2VuPuCXmpuYvmCXQ=="
        }
      }
    },
    "term-vector": {
      "version": "1.0.0",
      "resolved": "https://registry.npmjs.org/term-vector/-/term-vector-1.0.0.tgz",
      "integrity": "sha512-P7xDawxO9T1yjR2oiTfgw7BzvyrdsbakUT6PJsgaAeFmSV+6h3fnXtmZJf4ynef6HVamYgs7Wf5I75UBV15ddQ=="
    },
    "traverse": {
      "version": "0.6.6",
      "resolved": "https://registry.npmjs.org/traverse/-/traverse-0.6.6.tgz",
      "integrity": "sha512-kdf4JKs8lbARxWdp7RKdNzoJBhGUcIalSYibuGyHJbmk40pOysQ0+QPvlkCOICOivDWU2IJo2rkrxyTK2AH4fw=="
    },
    "util-deprecate": {
      "version": "1.0.2",
      "resolved": "https://registry.npmjs.org/util-deprecate/-/util-deprecate-1.0.2.tgz",
      "integrity": "sha1-RQ1Nyfpw3nMnYvvS1KKJgUGaDM8="
    }
  }
}
